// !$*UTF8*$!
{
	archiveVersion = 1;
	classes = {
	};
	objectVersion = 50;
	objects = {

/* Begin PBXBuildFile section */
		A7395BD3209266A3002D24A2 /* AppDelegate.swift in Sources */ = {isa = PBXBuildFile; fileRef = A7395BD2209266A3002D24A2 /* AppDelegate.swift */; };
		A7395BD5209266A3002D24A2 /* ViewController.swift in Sources */ = {isa = PBXBuildFile; fileRef = A7395BD4209266A3002D24A2 /* ViewController.swift */; };
		A7395BD8209266A3002D24A2 /* Main.storyboard in Resources */ = {isa = PBXBuildFile; fileRef = A7395BD6209266A3002D24A2 /* Main.storyboard */; };
		A7395BDB209266A3002D24A2 /* Notebook.xcdatamodeld in Sources */ = {isa = PBXBuildFile; fileRef = A7395BD9209266A3002D24A2 /* Notebook.xcdatamodeld */; };
		A7395BDD209266A4002D24A2 /* Assets.xcassets in Resources */ = {isa = PBXBuildFile; fileRef = A7395BDC209266A4002D24A2 /* Assets.xcassets */; };
		A7395BE0209266A4002D24A2 /* LaunchScreen.storyboard in Resources */ = {isa = PBXBuildFile; fileRef = A7395BDE209266A4002D24A2 /* LaunchScreen.storyboard */; };
		A7395BEB209266A4002D24A2 /* NotebookTests.swift in Sources */ = {isa = PBXBuildFile; fileRef = A7395BEA209266A4002D24A2 /* NotebookTests.swift */; };
		A7395BF6209266A4002D24A2 /* NotebookUITests.swift in Sources */ = {isa = PBXBuildFile; fileRef = A7395BF5209266A4002D24A2 /* NotebookUITests.swift */; };
/* End PBXBuildFile section */

/* Begin PBXContainerItemProxy section */
		A7395BE7209266A4002D24A2 /* PBXContainerItemProxy */ = {
			isa = PBXContainerItemProxy;
			containerPortal = A7395BC7209266A2002D24A2 /* Project object */;
			proxyType = 1;
			remoteGlobalIDString = A7395BCE209266A3002D24A2;
			remoteInfo = Notebook;
		};
		A7395BF2209266A4002D24A2 /* PBXContainerItemProxy */ = {
			isa = PBXContainerItemProxy;
			containerPortal = A7395BC7209266A2002D24A2 /* Project object */;
			proxyType = 1;
			remoteGlobalIDString = A7395BCE209266A3002D24A2;
			remoteInfo = Notebook;
		};
/* End PBXContainerItemProxy section */

/* Begin PBXFileReference section */
		A7395BCF209266A3002D24A2 /* Notebook.app */ = {isa = PBXFileReference; explicitFileType = wrapper.application; includeInIndex = 0; path = Notebook.app; sourceTree = BUILT_PRODUCTS_DIR; };
		A7395BD2209266A3002D24A2 /* AppDelegate.swift */ = {isa = PBXFileReference; lastKnownFileType = sourcecode.swift; path = AppDelegate.swift; sourceTree = "<group>"; };
		A7395BD4209266A3002D24A2 /* ViewController.swift */ = {isa = PBXFileReference; lastKnownFileType = sourcecode.swift; path = ViewController.swift; sourceTree = "<group>"; };
		A7395BD7209266A3002D24A2 /* Base */ = {isa = PBXFileReference; lastKnownFileType = file.storyboard; name = Base; path = Base.lproj/Main.storyboard; sourceTree = "<group>"; };
		A7395BDA209266A3002D24A2 /* Notebook.xcdatamodel */ = {isa = PBXFileReference; lastKnownFileType = wrapper.xcdatamodel; path = Notebook.xcdatamodel; sourceTree = "<group>"; };
		A7395BDC209266A4002D24A2 /* Assets.xcassets */ = {isa = PBXFileReference; lastKnownFileType = folder.assetcatalog; path = Assets.xcassets; sourceTree = "<group>"; };
		A7395BDF209266A4002D24A2 /* Base */ = {isa = PBXFileReference; lastKnownFileType = file.storyboard; name = Base; path = Base.lproj/LaunchScreen.storyboard; sourceTree = "<group>"; };
		A7395BE1209266A4002D24A2 /* Info.plist */ = {isa = PBXFileReference; lastKnownFileType = text.plist.xml; path = Info.plist; sourceTree = "<group>"; };
		A7395BE6209266A4002D24A2 /* NotebookTests.xctest */ = {isa = PBXFileReference; explicitFileType = wrapper.cfbundle; includeInIndex = 0; path = NotebookTests.xctest; sourceTree = BUILT_PRODUCTS_DIR; };
		A7395BEA209266A4002D24A2 /* NotebookTests.swift */ = {isa = PBXFileReference; lastKnownFileType = sourcecode.swift; path = NotebookTests.swift; sourceTree = "<group>"; };
		A7395BEC209266A4002D24A2 /* Info.plist */ = {isa = PBXFileReference; lastKnownFileType = text.plist.xml; path = Info.plist; sourceTree = "<group>"; };
		A7395BF1209266A4002D24A2 /* NotebookUITests.xctest */ = {isa = PBXFileReference; explicitFileType = wrapper.cfbundle; includeInIndex = 0; path = NotebookUITests.xctest; sourceTree = BUILT_PRODUCTS_DIR; };
		A7395BF5209266A4002D24A2 /* NotebookUITests.swift */ = {isa = PBXFileReference; lastKnownFileType = sourcecode.swift; path = NotebookUITests.swift; sourceTree = "<group>"; };
		A7395BF7209266A4002D24A2 /* Info.plist */ = {isa = PBXFileReference; lastKnownFileType = text.plist.xml; path = Info.plist; sourceTree = "<group>"; };
/* End PBXFileReference section */

/* Begin PBXFrameworksBuildPhase section */
		A7395BCC209266A3002D24A2 /* Frameworks */ = {
			isa = PBXFrameworksBuildPhase;
			buildActionMask = 2147483647;
			files = (
			);
			runOnlyForDeploymentPostprocessing = 0;
		};
		A7395BE3209266A4002D24A2 /* Frameworks */ = {
			isa = PBXFrameworksBuildPhase;
			buildActionMask = 2147483647;
			files = (
			);
			runOnlyForDeploymentPostprocessing = 0;
		};
		A7395BEE209266A4002D24A2 /* Frameworks */ = {
			isa = PBXFrameworksBuildPhase;
			buildActionMask = 2147483647;
			files = (
			);
			runOnlyForDeploymentPostprocessing = 0;
		};
/* End PBXFrameworksBuildPhase section */

/* Begin PBXGroup section */
		A7395BC6209266A2002D24A2 = {
			isa = PBXGroup;
			children = (
				A7395BD1209266A3002D24A2 /* Notebook */,
				A7395BE9209266A4002D24A2 /* NotebookTests */,
				A7395BF4209266A4002D24A2 /* NotebookUITests */,
				A7395BD0209266A3002D24A2 /* Products */,
			);
			sourceTree = "<group>";
		};
		A7395BD0209266A3002D24A2 /* Products */ = {
			isa = PBXGroup;
			children = (
				A7395BCF209266A3002D24A2 /* Notebook.app */,
				A7395BE6209266A4002D24A2 /* NotebookTests.xctest */,
				A7395BF1209266A4002D24A2 /* NotebookUITests.xctest */,
			);
			name = Products;
			sourceTree = "<group>";
		};
		A7395BD1209266A3002D24A2 /* Notebook */ = {
			isa = PBXGroup;
			children = (
				A7395BD2209266A3002D24A2 /* AppDelegate.swift */,
				A7395BD4209266A3002D24A2 /* ViewController.swift */,
				A7395BD6209266A3002D24A2 /* Main.storyboard */,
				A7395BDC209266A4002D24A2 /* Assets.xcassets */,
				A7395BDE209266A4002D24A2 /* LaunchScreen.storyboard */,
				A7395BE1209266A4002D24A2 /* Info.plist */,
				A7395BD9209266A3002D24A2 /* Notebook.xcdatamodeld */,
			);
			path = Notebook;
			sourceTree = "<group>";
		};
		A7395BE9209266A4002D24A2 /* NotebookTests */ = {
			isa = PBXGroup;
			children = (
				A7395BEA209266A4002D24A2 /* NotebookTests.swift */,
				A7395BEC209266A4002D24A2 /* Info.plist */,
			);
			path = NotebookTests;
			sourceTree = "<group>";
		};
		A7395BF4209266A4002D24A2 /* NotebookUITests */ = {
			isa = PBXGroup;
			children = (
				A7395BF5209266A4002D24A2 /* NotebookUITests.swift */,
				A7395BF7209266A4002D24A2 /* Info.plist */,
			);
			path = NotebookUITests;
			sourceTree = "<group>";
		};
/* End PBXGroup section */

/* Begin PBXNativeTarget section */
		A7395BCE209266A3002D24A2 /* Notebook */ = {
			isa = PBXNativeTarget;
			buildConfigurationList = A7395BFA209266A4002D24A2 /* Build configuration list for PBXNativeTarget "Notebook" */;
			buildPhases = (
				A7395BCB209266A3002D24A2 /* Sources */,
				A7395BCC209266A3002D24A2 /* Frameworks */,
				A7395BCD209266A3002D24A2 /* Resources */,
			);
			buildRules = (
			);
			dependencies = (
			);
			name = Notebook;
			productName = Notebook;
			productReference = A7395BCF209266A3002D24A2 /* Notebook.app */;
			productType = "com.apple.product-type.application";
		};
		A7395BE5209266A4002D24A2 /* NotebookTests */ = {
			isa = PBXNativeTarget;
			buildConfigurationList = A7395BFD209266A4002D24A2 /* Build configuration list for PBXNativeTarget "NotebookTests" */;
			buildPhases = (
				A7395BE2209266A4002D24A2 /* Sources */,
				A7395BE3209266A4002D24A2 /* Frameworks */,
				A7395BE4209266A4002D24A2 /* Resources */,
			);
			buildRules = (
			);
			dependencies = (
				A7395BE8209266A4002D24A2 /* PBXTargetDependency */,
			);
			name = NotebookTests;
			productName = NotebookTests;
			productReference = A7395BE6209266A4002D24A2 /* NotebookTests.xctest */;
			productType = "com.apple.product-type.bundle.unit-test";
		};
		A7395BF0209266A4002D24A2 /* NotebookUITests */ = {
			isa = PBXNativeTarget;
			buildConfigurationList = A7395C00209266A4002D24A2 /* Build configuration list for PBXNativeTarget "NotebookUITests" */;
			buildPhases = (
				A7395BED209266A4002D24A2 /* Sources */,
				A7395BEE209266A4002D24A2 /* Frameworks */,
				A7395BEF209266A4002D24A2 /* Resources */,
			);
			buildRules = (
			);
			dependencies = (
				A7395BF3209266A4002D24A2 /* PBXTargetDependency */,
			);
			name = NotebookUITests;
			productName = NotebookUITests;
			productReference = A7395BF1209266A4002D24A2 /* NotebookUITests.xctest */;
			productType = "com.apple.product-type.bundle.ui-testing";
		};
/* End PBXNativeTarget section */

/* Begin PBXProject section */
		A7395BC7209266A2002D24A2 /* Project object */ = {
			isa = PBXProject;
			attributes = {
				LastSwiftUpdateCheck = 0930;
				LastUpgradeCheck = 0930;
				ORGANIZATIONNAME = "Garrett Votaw";
				TargetAttributes = {
					A7395BCE209266A3002D24A2 = {
						CreatedOnToolsVersion = 9.3;
					};
					A7395BE5209266A4002D24A2 = {
						CreatedOnToolsVersion = 9.3;
						TestTargetID = A7395BCE209266A3002D24A2;
					};
					A7395BF0209266A4002D24A2 = {
						CreatedOnToolsVersion = 9.3;
						TestTargetID = A7395BCE209266A3002D24A2;
					};
				};
			};
			buildConfigurationList = A7395BCA209266A2002D24A2 /* Build configuration list for PBXProject "Notebook" */;
			compatibilityVersion = "Xcode 9.3";
			developmentRegion = en;
			hasScannedForEncodings = 0;
			knownRegions = (
				en,
				Base,
			);
			mainGroup = A7395BC6209266A2002D24A2;
			productRefGroup = A7395BD0209266A3002D24A2 /* Products */;
			projectDirPath = "";
			projectRoot = "";
			targets = (
				A7395BCE209266A3002D24A2 /* Notebook */,
				A7395BE5209266A4002D24A2 /* NotebookTests */,
				A7395BF0209266A4002D24A2 /* NotebookUITests */,
			);
		};
/* End PBXProject section */

/* Begin PBXResourcesBuildPhase section */
		A7395BCD209266A3002D24A2 /* Resources */ = {
			isa = PBXResourcesBuildPhase;
			buildActionMask = 2147483647;
			files = (
				A7395BE0209266A4002D24A2 /* LaunchScreen.storyboard in Resources */,
				A7395BDD209266A4002D24A2 /* Assets.xcassets in Resources */,
				A7395BD8209266A3002D24A2 /* Main.storyboard in Resources */,
			);
			runOnlyForDeploymentPostprocessing = 0;
		};
		A7395BE4209266A4002D24A2 /* Resources */ = {
			isa = PBXResourcesBuildPhase;
			buildActionMask = 2147483647;
			files = (
			);
			runOnlyForDeploymentPostprocessing = 0;
		};
		A7395BEF209266A4002D24A2 /* Resources */ = {
			isa = PBXResourcesBuildPhase;
			buildActionMask = 2147483647;
			files = (
			);
			runOnlyForDeploymentPostprocessing = 0;
		};
/* End PBXResourcesBuildPhase section */

/* Begin PBXSourcesBuildPhase section */
		A7395BCB209266A3002D24A2 /* Sources */ = {
			isa = PBXSourcesBuildPhase;
			buildActionMask = 2147483647;
			files = (
				A7395BD5209266A3002D24A2 /* ViewController.swift in Sources */,
				A7395BDB209266A3002D24A2 /* Notebook.xcdatamodeld in Sources */,
				A7395BD3209266A3002D24A2 /* AppDelegate.swift in Sources */,
			);
			runOnlyForDeploymentPostprocessing = 0;
		};
		A7395BE2209266A4002D24A2 /* Sources */ = {
			isa = PBXSourcesBuildPhase;
			buildActionMask = 2147483647;
			files = (
				A7395BEB209266A4002D24A2 /* NotebookTests.swift in Sources */,
			);
			runOnlyForDeploymentPostprocessing = 0;
		};
		A7395BED209266A4002D24A2 /* Sources */ = {
			isa = PBXSourcesBuildPhase;
			buildActionMask = 2147483647;
			files = (
				A7395BF6209266A4002D24A2 /* NotebookUITests.swift in Sources */,
			);
			runOnlyForDeploymentPostprocessing = 0;
		};
/* End PBXSourcesBuildPhase section */

/* Begin PBXTargetDependency section */
		A7395BE8209266A4002D24A2 /* PBXTargetDependency */ = {
			isa = PBXTargetDependency;
			target = A7395BCE209266A3002D24A2 /* Notebook */;
			targetProxy = A7395BE7209266A4002D24A2 /* PBXContainerItemProxy */;
		};
		A7395BF3209266A4002D24A2 /* PBXTargetDependency */ = {
			isa = PBXTargetDependency;
			target = A7395BCE209266A3002D24A2 /* Notebook */;
			targetProxy = A7395BF2209266A4002D24A2 /* PBXContainerItemProxy */;
		};
/* End PBXTargetDependency section */

/* Begin PBXVariantGroup section */
		A7395BD6209266A3002D24A2 /* Main.storyboard */ = {
			isa = PBXVariantGroup;
			children = (
				A7395BD7209266A3002D24A2 /* Base */,
			);
			name = Main.storyboard;
			sourceTree = "<group>";
		};
		A7395BDE209266A4002D24A2 /* LaunchScreen.storyboard */ = {
			isa = PBXVariantGroup;
			children = (
				A7395BDF209266A4002D24A2 /* Base */,
			);
			name = LaunchScreen.storyboard;
			sourceTree = "<group>";
		};
/* End PBXVariantGroup section */

/* Begin XCBuildConfiguration section */
		A7395BF8209266A4002D24A2 /* Debug */ = {
			isa = XCBuildConfiguration;
			buildSettings = {
				ALWAYS_SEARCH_USER_PATHS = NO;
				CLANG_ANALYZER_NONNULL = YES;
				CLANG_ANALYZER_NUMBER_OBJECT_CONVERSION = YES_AGGRESSIVE;
				CLANG_CXX_LANGUAGE_STANDARD = "gnu++14";
				CLANG_CXX_LIBRARY = "libc++";
				CLANG_ENABLE_MODULES = YES;
				CLANG_ENABLE_OBJC_ARC = YES;
				CLANG_ENABLE_OBJC_WEAK = YES;
				CLANG_WARN_BLOCK_CAPTURE_AUTORELEASING = YES;
				CLANG_WARN_BOOL_CONVERSION = YES;
				CLANG_WARN_COMMA = YES;
				CLANG_WARN_CONSTANT_CONVERSION = YES;
				CLANG_WARN_DEPRECATED_OBJC_IMPLEMENTATIONS = YES;
				CLANG_WARN_DIRECT_OBJC_ISA_USAGE = YES_ERROR;
				CLANG_WARN_DOCUMENTATION_COMMENTS = YES;
				CLANG_WARN_EMPTY_BODY = YES;
				CLANG_WARN_ENUM_CONVERSION = YES;
				CLANG_WARN_INFINITE_RECURSION = YES;
				CLANG_WARN_INT_CONVERSION = YES;
				CLANG_WARN_NON_LITERAL_NULL_CONVERSION = YES;
				CLANG_WARN_OBJC_IMPLICIT_RETAIN_SELF = YES;
				CLANG_WARN_OBJC_LITERAL_CONVERSION = YES;
				CLANG_WARN_OBJC_ROOT_CLASS = YES_ERROR;
				CLANG_WARN_RANGE_LOOP_ANALYSIS = YES;
				CLANG_WARN_STRICT_PROTOTYPES = YES;
				CLANG_WARN_SUSPICIOUS_MOVE = YES;
				CLANG_WARN_UNGUARDED_AVAILABILITY = YES_AGGRESSIVE;
				CLANG_WARN_UNREACHABLE_CODE = YES;
				CLANG_WARN__DUPLICATE_METHOD_MATCH = YES;
				CODE_SIGN_IDENTITY = "iPhone Developer";
				COPY_PHASE_STRIP = NO;
				DEBUG_INFORMATION_FORMAT = dwarf;
				ENABLE_STRICT_OBJC_MSGSEND = YES;
				ENABLE_TESTABILITY = YES;
				GCC_C_LANGUAGE_STANDARD = gnu11;
				GCC_DYNAMIC_NO_PIC = NO;
				GCC_NO_COMMON_BLOCKS = YES;
				GCC_OPTIMIZATION_LEVEL = 0;
				GCC_PREPROCESSOR_DEFINITIONS = (
					"DEBUG=1",
					"$(inherited)",
				);
				GCC_WARN_64_TO_32_BIT_CONVERSION = YES;
				GCC_WARN_ABOUT_RETURN_TYPE = YES_ERROR;
				GCC_WARN_UNDECLARED_SELECTOR = YES;
				GCC_WARN_UNINITIALIZED_AUTOS = YES_AGGRESSIVE;
				GCC_WARN_UNUSED_FUNCTION = YES;
				GCC_WARN_UNUSED_VARIABLE = YES;
				IPHONEOS_DEPLOYMENT_TARGET = 11.3;
				MTL_ENABLE_DEBUG_INFO = YES;
				ONLY_ACTIVE_ARCH = YES;
				SDKROOT = iphoneos;
				SWIFT_ACTIVE_COMPILATION_CONDITIONS = DEBUG;
				SWIFT_OPTIMIZATION_LEVEL = "-Onone";
			};
			name = Debug;
		};
		A7395BF9209266A4002D24A2 /* Release */ = {
			isa = XCBuildConfiguration;
			buildSettings = {
				ALWAYS_SEARCH_USER_PATHS = NO;
				CLANG_ANALYZER_NONNULL = YES;
				CLANG_ANALYZER_NUMBER_OBJECT_CONVERSION = YES_AGGRESSIVE;
				CLANG_CXX_LANGUAGE_STANDARD = "gnu++14";
				CLANG_CXX_LIBRARY = "libc++";
				CLANG_ENABLE_MODULES = YES;
				CLANG_ENABLE_OBJC_ARC = YES;
				CLANG_ENABLE_OBJC_WEAK = YES;
				CLANG_WARN_BLOCK_CAPTURE_AUTORELEASING = YES;
				CLANG_WARN_BOOL_CONVERSION = YES;
				CLANG_WARN_COMMA = YES;
				CLANG_WARN_CONSTANT_CONVERSION = YES;
				CLANG_WARN_DEPRECATED_OBJC_IMPLEMENTATIONS = YES;
				CLANG_WARN_DIRECT_OBJC_ISA_USAGE = YES_ERROR;
				CLANG_WARN_DOCUMENTATION_COMMENTS = YES;
				CLANG_WARN_EMPTY_BODY = YES;
				CLANG_WARN_ENUM_CONVERSION = YES;
				CLANG_WARN_INFINITE_RECURSION = YES;
				CLANG_WARN_INT_CONVERSION = YES;
				CLANG_WARN_NON_LITERAL_NULL_CONVERSION = YES;
				CLANG_WARN_OBJC_IMPLICIT_RETAIN_SELF = YES;
				CLANG_WARN_OBJC_LITERAL_CONVERSION = YES;
				CLANG_WARN_OBJC_ROOT_CLASS = YES_ERROR;
				CLANG_WARN_RANGE_LOOP_ANALYSIS = YES;
				CLANG_WARN_STRICT_PROTOTYPES = YES;
				CLANG_WARN_SUSPICIOUS_MOVE = YES;
				CLANG_WARN_UNGUARDED_AVAILABILITY = YES_AGGRESSIVE;
				CLANG_WARN_UNREACHABLE_CODE = YES;
				CLANG_WARN__DUPLICATE_METHOD_MATCH = YES;
				CODE_SIGN_IDENTITY = "iPhone Developer";
				COPY_PHASE_STRIP = NO;
				DEBUG_INFORMATION_FORMAT = "dwarf-with-dsym";
				ENABLE_NS_ASSERTIONS = NO;
				ENABLE_STRICT_OBJC_MSGSEND = YES;
				GCC_C_LANGUAGE_STANDARD = gnu11;
				GCC_NO_COMMON_BLOCKS = YES;
				GCC_WARN_64_TO_32_BIT_CONVERSION = YES;
				GCC_WARN_ABOUT_RETURN_TYPE = YES_ERROR;
				GCC_WARN_UNDECLARED_SELECTOR = YES;
				GCC_WARN_UNINITIALIZED_AUTOS = YES_AGGRESSIVE;
				GCC_WARN_UNUSED_FUNCTION = YES;
				GCC_WARN_UNUSED_VARIABLE = YES;
				IPHONEOS_DEPLOYMENT_TARGET = 11.3;
				MTL_ENABLE_DEBUG_INFO = NO;
				SDKROOT = iphoneos;
				SWIFT_COMPILATION_MODE = wholemodule;
				SWIFT_OPTIMIZATION_LEVEL = "-O";
				VALIDATE_PRODUCT = YES;
			};
			name = Release;
		};
		A7395BFB209266A4002D24A2 /* Debug */ = {
			isa = XCBuildConfiguration;
			buildSettings = {
				ASSETCATALOG_COMPILER_APPICON_NAME = AppIcon;
				CODE_SIGN_STYLE = Automatic;
				DEVELOPMENT_TEAM = 2J2B92S4Z7;
				INFOPLIST_FILE = Notebook/Info.plist;
				LD_RUNPATH_SEARCH_PATHS = (
					"$(inherited)",
					"@executable_path/Frameworks",
				);
				PRODUCT_BUNDLE_IDENTIFIER = org.votaw.Notebook;
				PRODUCT_NAME = "$(TARGET_NAME)";
				SWIFT_VERSION = 4.0;
				TARGETED_DEVICE_FAMILY = "1,2";
			};
			name = Debug;
		};
		A7395BFC209266A4002D24A2 /* Release */ = {
			isa = XCBuildConfiguration;
			buildSettings = {
				ASSETCATALOG_COMPILER_APPICON_NAME = AppIcon;
				CODE_SIGN_STYLE = Automatic;
				DEVELOPMENT_TEAM = 2J2B92S4Z7;
				INFOPLIST_FILE = Notebook/Info.plist;
				LD_RUNPATH_SEARCH_PATHS = (
					"$(inherited)",
					"@executable_path/Frameworks",
				);
				PRODUCT_BUNDLE_IDENTIFIER = org.votaw.Notebook;
				PRODUCT_NAME = "$(TARGET_NAME)";
				SWIFT_VERSION = 4.0;
				TARGETED_DEVICE_FAMILY = "1,2";
			};
			name = Release;
		};
		A7395BFE209266A4002D24A2 /* Debug */ = {
			isa = XCBuildConfiguration;
			buildSettings = {
				ALWAYS_EMBED_SWIFT_STANDARD_LIBRARIES = YES;
				BUNDLE_LOADER = "$(TEST_HOST)";
				CODE_SIGN_STYLE = Automatic;
				DEVELOPMENT_TEAM = 2J2B92S4Z7;
				INFOPLIST_FILE = NotebookTests/Info.plist;
				LD_RUNPATH_SEARCH_PATHS = (
					"$(inherited)",
					"@executable_path/Frameworks",
					"@loader_path/Frameworks",
				);
				PRODUCT_BUNDLE_IDENTIFIER = org.votaw.NotebookTests;
				PRODUCT_NAME = "$(TARGET_NAME)";
				SWIFT_VERSION = 4.0;
				TARGETED_DEVICE_FAMILY = "1,2";
				TEST_HOST = "$(BUILT_PRODUCTS_DIR)/Notebook.app/Notebook";
			};
			name = Debug;
		};
		A7395BFF209266A4002D24A2 /* Release */ = {
			isa = XCBuildConfiguration;
			buildSettings = {
				ALWAYS_EMBED_SWIFT_STANDARD_LIBRARIES = YES;
				BUNDLE_LOADER = "$(TEST_HOST)";
				CODE_SIGN_STYLE = Automatic;
				DEVELOPMENT_TEAM = 2J2B92S4Z7;
				INFOPLIST_FILE = NotebookTests/Info.plist;
				LD_RUNPATH_SEARCH_PATHS = (
					"$(inherited)",
					"@executable_path/Frameworks",
					"@loader_path/Frameworks",
				);
				PRODUCT_BUNDLE_IDENTIFIER = org.votaw.NotebookTests;
				PRODUCT_NAME = "$(TARGET_NAME)";
				SWIFT_VERSION = 4.0;
				TARGETED_DEVICE_FAMILY = "1,2";
				TEST_HOST = "$(BUILT_PRODUCTS_DIR)/Notebook.app/Notebook";
			};
			name = Release;
		};
		A7395C01209266A4002D24A2 /* Debug */ = {
			isa = XCBuildConfiguration;
			buildSettings = {
				ALWAYS_EMBED_SWIFT_STANDARD_LIBRARIES = YES;
				CODE_SIGN_STYLE = Automatic;
				DEVELOPMENT_TEAM = 2J2B92S4Z7;
				INFOPLIST_FILE = NotebookUITests/Info.plist;
				LD_RUNPATH_SEARCH_PATHS = (
					"$(inherited)",
					"@executable_path/Frameworks",
					"@loader_path/Frameworks",
				);
				PRODUCT_BUNDLE_IDENTIFIER = org.votaw.NotebookUITests;
				PRODUCT_NAME = "$(TARGET_NAME)";
				SWIFT_VERSION = 4.0;
				TARGETED_DEVICE_FAMILY = "1,2";
				TEST_TARGET_NAME = Notebook;
			};
			name = Debug;
		};
		A7395C02209266A4002D24A2 /* Release */ = {
			isa = XCBuildConfiguration;
			buildSettings = {
				ALWAYS_EMBED_SWIFT_STANDARD_LIBRARIES = YES;
				CODE_SIGN_STYLE = Automatic;
				DEVELOPMENT_TEAM = 2J2B92S4Z7;
				INFOPLIST_FILE = NotebookUITests/Info.plist;
				LD_RUNPATH_SEARCH_PATHS = (
					"$(inherited)",
					"@executable_path/Frameworks",
					"@loader_path/Frameworks",
				);
				PRODUCT_BUNDLE_IDENTIFIER = org.votaw.NotebookUITests;
				PRODUCT_NAME = "$(TARGET_NAME)";
				SWIFT_VERSION = 4.0;
				TARGETED_DEVICE_FAMILY = "1,2";
				TEST_TARGET_NAME = Notebook;
			};
			name = Release;
		};
/* End XCBuildConfiguration section */

/* Begin XCConfigurationList section */
		A7395BCA209266A2002D24A2 /* Build configuration list for PBXProject "Notebook" */ = {
			isa = XCConfigurationList;
			buildConfigurations = (
				A7395BF8209266A4002D24A2 /* Debug */,
				A7395BF9209266A4002D24A2 /* Release */,
			);
			defaultConfigurationIsVisible = 0;
			defaultConfigurationName = Release;
		};
		A7395BFA209266A4002D24A2 /* Build configuration list for PBXNativeTarget "Notebook" */ = {
			isa = XCConfigurationList;
			buildConfigurations = (
				A7395BFB209266A4002D24A2 /* Debug */,
				A7395BFC209266A4002D24A2 /* Release */,
			);
			defaultConfigurationIsVisible = 0;
			defaultConfigurationName = Release;
		};
		A7395BFD209266A4002D24A2 /* Build configuration list for PBXNativeTarget "NotebookTests" */ = {
			isa = XCConfigurationList;
			buildConfigurations = (
				A7395BFE209266A4002D24A2 /* Debug */,
				A7395BFF209266A4002D24A2 /* Release */,
			);
			defaultConfigurationIsVisible = 0;
			defaultConfigurationName = Release;
		};
		A7395C00209266A4002D24A2 /* Build configuration list for PBXNativeTarget "NotebookUITests" */ = {
			isa = XCConfigurationList;
			buildConfigurations = (
				A7395C01209266A4002D24A2 /* Debug */,
				A7395C02209266A4002D24A2 /* Release */,
			);
			defaultConfigurationIsVisible = 0;
			defaultConfigurationName = Release;
		};
/* End XCConfigurationList section */

/* Begin XCVersionGroup section */
		A7395BD9209266A3002D24A2 /* Notebook.xcdatamodeld */ = {
			isa = XCVersionGroup;
			children = (
				A7395BDA209266A3002D24A2 /* Notebook.xcdatamodel */,
			);
			currentVersion = A7395BDA209266A3002D24A2 /* Notebook.xcdatamodel */;
			path = Notebook.xcdatamodeld;
			sourceTree = "<group>";
			versionGroupType = wrapper.xcdatamodel;
		};
/* End XCVersionGroup section */
	};
	rootObject = A7395BC7209266A2002D24A2 /* Project object */;
}
